
Microsoft Visual Studio Solution File, Format Version 12.00
Project("{2150E333-8FDC-42A3-9474-1A3956D46DE8}") = "src", "src", "{2E3BF8E8-203A-4CD5-9B42-EA3FE51DCA50}"
EndProject
Project("{2150E333-8FDC-42A3-9474-1A3956D46DE8}") = "API", "API", "{5FD9DB8C-0668-4D1C-B57E-C4F4CD46D386}"
EndProject
Project("{2150E333-8FDC-42A3-9474-1A3956D46DE8}") = "Core", "Core", "{574DB7F7-AA74-4304-A9E6-543982E17566}"
EndProject
Project("{2150E333-8FDC-42A3-9474-1A3956D46DE8}") = "Infrastructure", "Infrastructure", "{1F40E278-166E-4562-B545-C0273BD56041}"
EndProject
Project("{FAE04EC0-301F-11D3-BF4B-00C04F79EFBC}") = "Library.Domain", "Library.Domain\Library.Domain.csproj", "{50C8EE5B-00A6-44DF-BDAB-276BEEECE6FB}"
EndProject
Project("{FAE04EC0-301F-11D3-BF4B-00C04F79EFBC}") = "Library.Application", "Library.Application\Library.Application.csproj", "{2204ED31-B2A7-48FC-A0A7-B94A9185BDD0}"
EndProject
Global
	GlobalSection(SolutionConfigurationPlatforms) = preSolution
		Debug|Any CPU = Debug|Any CPU
		Release|Any CPU = Release|Any CPU
	EndGlobalSection
	GlobalSection(NestedProjects) = preSolution
		{5FD9DB8C-0668-4D1C-B57E-C4F4CD46D386} = {2E3BF8E8-203A-4CD5-9B42-EA3FE51DCA50}
		{574DB7F7-AA74-4304-A9E6-543982E17566} = {2E3BF8E8-203A-4CD5-9B42-EA3FE51DCA50}
		{1F40E278-166E-4562-B545-C0273BD56041} = {2E3BF8E8-203A-4CD5-9B42-EA3FE51DCA50}
		{50C8EE5B-00A6-44DF-BDAB-276BEEECE6FB} = {574DB7F7-AA74-4304-A9E6-543982E17566}
		{2204ED31-B2A7-48FC-A0A7-B94A9185BDD0} = {574DB7F7-AA74-4304-A9E6-543982E17566}
	EndGlobalSection
	GlobalSection(ProjectConfigurationPlatforms) = postSolution
		{50C8EE5B-00A6-44DF-BDAB-276BEEECE6FB}.Debug|Any CPU.ActiveCfg = Debug|Any CPU
		{50C8EE5B-00A6-44DF-BDAB-276BEEECE6FB}.Debug|Any CPU.Build.0 = Debug|Any CPU
		{50C8EE5B-00A6-44DF-BDAB-276BEEECE6FB}.Release|Any CPU.ActiveCfg = Release|Any CPU
		{50C8EE5B-00A6-44DF-BDAB-276BEEECE6FB}.Release|Any CPU.Build.0 = Release|Any CPU
		{2204ED31-B2A7-48FC-A0A7-B94A9185BDD0}.Debug|Any CPU.ActiveCfg = Debug|Any CPU
		{2204ED31-B2A7-48FC-A0A7-B94A9185BDD0}.Debug|Any CPU.Build.0 = Debug|Any CPU
		{2204ED31-B2A7-48FC-A0A7-B94A9185BDD0}.Release|Any CPU.ActiveCfg = Release|Any CPU
		{2204ED31-B2A7-48FC-A0A7-B94A9185BDD0}.Release|Any CPU.Build.0 = Release|Any CPU
	EndGlobalSection
EndGlobal
